
Microsoft Visual Studio Solution File, Format Version 12.00
# Visual Studio Version 17
VisualStudioVersion = 17.2.32602.215
MinimumVisualStudioVersion = 10.0.40219.1
Project("{9A19103F-16F7-4668-BE54-9A1E7A4F7556}") = "SateliteImageAPIViewer", "SateliteImageAPIViewer\SateliteImageAPIViewer.csproj", "{B89BB2D6-76BC-4A14-8CA4-7E32F75A0C42}"
EndProject
Project("{9A19103F-16F7-4668-BE54-9A1E7A4F7556}") = "UserControlObjectTest", "UserControlObjectTest\UserControlObjectTest.csproj", "{0DE83A92-1695-46C2-82B8-677217602E96}"
EndProject
Global
	GlobalSection(SolutionConfigurationPlatforms) = preSolution
		Debug|Any CPU = Debug|Any CPU
		Debug|x64 = Debug|x64
		Release|Any CPU = Release|Any CPU
		Release|x64 = Release|x64
	EndGlobalSection
	GlobalSection(ProjectConfigurationPlatforms) = postSolution
		{B89BB2D6-76BC-4A14-8CA4-7E32F75A0C42}.Debug|Any CPU.ActiveCfg = Debug|Any CPU
		{B89BB2D6-76BC-4A14-8CA4-7E32F75A0C42}.Debug|Any CPU.Build.0 = Debug|Any CPU
		{B89BB2D6-76BC-4A14-8CA4-7E32F75A0C42}.Debug|x64.ActiveCfg = Debug|x64
		{B89BB2D6-76BC-4A14-8CA4-7E32F75A0C42}.Debug|x64.Build.0 = Debug|x64
		{B89BB2D6-76BC-4A14-8CA4-7E32F75A0C42}.Release|Any CPU.ActiveCfg = Release|Any CPU
		{B89BB2D6-76BC-4A14-8CA4-7E32F75A0C42}.Release|Any CPU.Build.0 = Release|Any CPU
		{B89BB2D6-76BC-4A14-8CA4-7E32F75A0C42}.Release|x64.ActiveCfg = Release|x64
		{B89BB2D6-76BC-4A14-8CA4-7E32F75A0C42}.Release|x64.Build.0 = Release|x64
		{0DE83A92-1695-46C2-82B8-677217602E96}.Debug|Any CPU.ActiveCfg = Debug|Any CPU
		{0DE83A92-1695-46C2-82B8-677217602E96}.Debug|Any CPU.Build.0 = Debug|Any CPU
		{0DE83A92-1695-46C2-82B8-677217602E96}.Debug|x64.ActiveCfg = Debug|Any CPU
		{0DE83A92-1695-46C2-82B8-677217602E96}.Debug|x64.Build.0 = Debug|Any CPU
		{0DE83A92-1695-46C2-82B8-677217602E96}.Release|Any CPU.ActiveCfg = Release|Any CPU
		{0DE83A92-1695-46C2-82B8-677217602E96}.Release|Any CPU.Build.0 = Release|Any CPU
		{0DE83A92-1695-46C2-82B8-677217602E96}.Release|x64.ActiveCfg = Release|Any CPU
		{0DE83A92-1695-46C2-82B8-677217602E96}.Release|x64.Build.0 = Release|Any CPU
	EndGlobalSection
	GlobalSection(SolutionProperties) = preSolution
		HideSolutionNode = FALSE
	EndGlobalSection
	GlobalSection(ExtensibilityGlobals) = postSolution
		SolutionGuid = {75B5A7E3-43E8-4385-B412-72DB1247E308}
	EndGlobalSection
EndGlobal
